{
    "requires": true,
    "lockfileVersion": 1,
    "dependencies": {
        "@fullcalendar/core": {
            "version": "4.0.1",
            "resolved": "https://registry.npmjs.org/@fullcalendar/core/-/core-4.0.1.tgz",
            "integrity": "sha512-dUhBtZ2hIuPFJP4Rr1QOFs5/nG5EAnzqMDvy1IZ0JEBw/+0Dwj4X55Ugb3buHBh5GDrQmPbZVW21mbcUqeTprQ=="
        },
        "@fullcalendar/daygrid": {
            "version": "4.0.1",
            "resolved": "https://registry.npmjs.org/@fullcalendar/daygrid/-/daygrid-4.0.1.tgz",
            "integrity": "sha512-nKFFKgTm5eijOukD6pjsQSLlsBoMrKuHXc00zaHaMWSeJndGHxtseR8oeHOnclNNScMKLXLNZthzEduSqqyuRw=="
        }
    }
}
